
Microsoft Visual Studio Solution File, Format Version 12.00
# Visual Studio Version 16
VisualStudioVersion = 16.0.29613.14
MinimumVisualStudioVersion = 10.0.40219.1
Project("{E24C65DC-7377-472B-9ABA-BC803B73C61A}") = "TEST", ".", "{341FDF3B-979D-44BF-8D92-89FC7F7CEB58}"
	ProjectSection(WebsiteProperties) = preProject
		TargetFrameworkMoniker = ".NETFramework,Version%3Dv4.5"
		Debug.AspNetCompiler.VirtualPath = "/localhost_50808"
		Debug.AspNetCompiler.PhysicalPath = "E:\VS\TEST\"
		Debug.AspNetCompiler.TargetPath = "PrecompiledWeb\localhost_50808\"
		Debug.AspNetCompiler.Updateable = "true"
		Debug.AspNetCompiler.ForceOverwrite = "true"
		Debug.AspNetCompiler.FixedNames = "false"
		Debug.AspNetCompiler.Debug = "True"
		Release.AspNetCompiler.VirtualPath = "/localhost_50808"
		Release.AspNetCompiler.PhysicalPath = "E:\VS\TEST\"
		Release.AspNetCompiler.TargetPath = "PrecompiledWeb\localhost_50808\"
		Release.AspNetCompiler.Updateable = "true"
		Release.AspNetCompiler.ForceOverwrite = "true"
		Release.AspNetCompiler.FixedNames = "false"
		Release.AspNetCompiler.Debug = "False"
		VWDPort = "50808"
	EndProjectSection
EndProject
Global
	GlobalSection(SolutionConfigurationPlatforms) = preSolution
		Debug|Any CPU = Debug|Any CPU
	EndGlobalSection
	GlobalSection(ProjectConfigurationPlatforms) = postSolution
		{341FDF3B-979D-44BF-8D92-89FC7F7CEB58}.Debug|Any CPU.ActiveCfg = Debug|Any CPU
		{341FDF3B-979D-44BF-8D92-89FC7F7CEB58}.Debug|Any CPU.Build.0 = Debug|Any CPU
	EndGlobalSection
	GlobalSection(SolutionProperties) = preSolution
		HideSolutionNode = FALSE
	EndGlobalSection
	GlobalSection(ExtensibilityGlobals) = postSolution
		SolutionGuid = {151B50E1-DD8E-4E6B-A70B-832B323BE915}
	EndGlobalSection
EndGlobal
